{
    "_readme": [
        "This file locks the dependencies of your project to a known state",
        "Read more about it at https://getcomposer.org/doc/01-basic-usage.md#composer-lock-the-lock-file",
        "This file is @generated automatically"
    ],
    "content-hash": "093771a1c711917d4b8ef22cfe2158d3",
    "packages": [
        {
            "name": "gaoming13/wechat-php-sdk",
            "version": "1.7.1",
            "source": {
                "type": "git",
                "url": "https://github.com/gaoming13/wechat-php-sdk.git",
                "reference": "aa3e4aad90a154d2341d4e5d91789a457475e545"
            },
            "dist": {
                "type": "zip",
                "url": "https://files.phpcomposer.com/files/gaoming13/wechat-php-sdk/aa3e4aad90a154d2341d4e5d91789a457475e545.zip",
                "reference": "aa3e4aad90a154d2341d4e5d91789a457475e545",
                "shasum": ""
            },
            "require": {
                "ext-mcrypt": "*",
                "php": ">=5.3"
            },
            "type": "library",
            "autoload": {
                "psr-4": {
                    "Gaoming13\\WechatPhpSdk\\": "src/WechatPhpSdk/"
                }
            },
            "notification-url": "https://packagist.org/downloads/",
            "license": [
                "MIT"
            ],
            "authors": [
                {
                    "name": "gaoming13",
                    "email": "gaoming13@yeah.net"
                }
            ],
            "description": "微信公众平台php版开发包",
            "keywords": [
                "wechat",
                "wechat-php-sdk",
                "weixin"
            ],
            "time": "2016-12-28T05:40:18+00:00"
        }
    ],
    "packages-dev": [],
    "aliases": [],
    "minimum-stability": "stable",
    "stability-flags": [],
    "prefer-stable": false,
    "prefer-lowest": false,
    "platform": [],
    "platform-dev": []
}
